
Microsoft Visual Studio Solution File, Format Version 12.00
Project("{FAE04EC0-301F-11D3-BF4B-00C04F79EFBC}") = "StreamBytesReader", "StreamBytesReader\StreamBytesReader.csproj", "{6E08A577-469D-41D3-BBAA-AE7D9BF6E462}"
EndProject
Project("{FAE04EC0-301F-11D3-BF4B-00C04F79EFBC}") = "StreamBytesReaderTests", "StreamBytesReaderTests\StreamBytesReaderTests.csproj", "{96F539EF-D0FD-4D68-8B01-40DBCB0A3129}"
EndProject
Project("{FAE04EC0-301F-11D3-BF4B-00C04F79EFBC}") = "UserService", "UserService\UserService.csproj", "{2F609E78-C3BC-4DDE-9DED-73360EE809A1}"
EndProject
Global
	GlobalSection(SolutionConfigurationPlatforms) = preSolution
		Debug|Any CPU = Debug|Any CPU
		Release|Any CPU = Release|Any CPU
	EndGlobalSection
	GlobalSection(ProjectConfigurationPlatforms) = postSolution
		{6E08A577-469D-41D3-BBAA-AE7D9BF6E462}.Debug|Any CPU.ActiveCfg = Debug|Any CPU
		{6E08A577-469D-41D3-BBAA-AE7D9BF6E462}.Debug|Any CPU.Build.0 = Debug|Any CPU
		{6E08A577-469D-41D3-BBAA-AE7D9BF6E462}.Release|Any CPU.ActiveCfg = Release|Any CPU
		{6E08A577-469D-41D3-BBAA-AE7D9BF6E462}.Release|Any CPU.Build.0 = Release|Any CPU
		{96F539EF-D0FD-4D68-8B01-40DBCB0A3129}.Debug|Any CPU.ActiveCfg = Debug|Any CPU
		{96F539EF-D0FD-4D68-8B01-40DBCB0A3129}.Debug|Any CPU.Build.0 = Debug|Any CPU
		{96F539EF-D0FD-4D68-8B01-40DBCB0A3129}.Release|Any CPU.ActiveCfg = Release|Any CPU
		{96F539EF-D0FD-4D68-8B01-40DBCB0A3129}.Release|Any CPU.Build.0 = Release|Any CPU
		{2F609E78-C3BC-4DDE-9DED-73360EE809A1}.Debug|Any CPU.ActiveCfg = Debug|Any CPU
		{2F609E78-C3BC-4DDE-9DED-73360EE809A1}.Debug|Any CPU.Build.0 = Debug|Any CPU
		{2F609E78-C3BC-4DDE-9DED-73360EE809A1}.Release|Any CPU.ActiveCfg = Release|Any CPU
		{2F609E78-C3BC-4DDE-9DED-73360EE809A1}.Release|Any CPU.Build.0 = Release|Any CPU
	EndGlobalSection
EndGlobal
